
Microsoft Visual Studio Solution File, Format Version 12.00
# Visual Studio 14
VisualStudioVersion = 14.0.25420.1
MinimumVisualStudioVersion = 10.0.40219.1
Project("{FAE04EC0-301F-11D3-BF4B-00C04F79EFBC}") = "ASP.NET_BlogApp", "ASP.NET_BlogApp\ASP.NET_BlogApp.csproj", "{B7A92928-7A19-478F-9F1B-46A2E5ABC05D}"
EndProject
Project("{FAE04EC0-301F-11D3-BF4B-00C04F79EFBC}") = "Models", "Models\Models.csproj", "{CA665873-2A8C-4A56-A216-ACC54FED94C3}"
EndProject
Project("{FAE04EC0-301F-11D3-BF4B-00C04F79EFBC}") = "Entities", "Entities\Entities.csproj", "{A1098186-A956-4997-A50C-3E3B9989EA1D}"
EndProject
Global
	GlobalSection(SolutionConfigurationPlatforms) = preSolution
		Debug|Any CPU = Debug|Any CPU
		Release|Any CPU = Release|Any CPU
	EndGlobalSection
	GlobalSection(ProjectConfigurationPlatforms) = postSolution
		{B7A92928-7A19-478F-9F1B-46A2E5ABC05D}.Debug|Any CPU.ActiveCfg = Debug|Any CPU
		{B7A92928-7A19-478F-9F1B-46A2E5ABC05D}.Debug|Any CPU.Build.0 = Debug|Any CPU
		{B7A92928-7A19-478F-9F1B-46A2E5ABC05D}.Release|Any CPU.ActiveCfg = Release|Any CPU
		{B7A92928-7A19-478F-9F1B-46A2E5ABC05D}.Release|Any CPU.Build.0 = Release|Any CPU
		{CA665873-2A8C-4A56-A216-ACC54FED94C3}.Debug|Any CPU.ActiveCfg = Debug|Any CPU
		{CA665873-2A8C-4A56-A216-ACC54FED94C3}.Debug|Any CPU.Build.0 = Debug|Any CPU
		{CA665873-2A8C-4A56-A216-ACC54FED94C3}.Release|Any CPU.ActiveCfg = Release|Any CPU
		{CA665873-2A8C-4A56-A216-ACC54FED94C3}.Release|Any CPU.Build.0 = Release|Any CPU
		{A1098186-A956-4997-A50C-3E3B9989EA1D}.Debug|Any CPU.ActiveCfg = Debug|Any CPU
		{A1098186-A956-4997-A50C-3E3B9989EA1D}.Debug|Any CPU.Build.0 = Debug|Any CPU
		{A1098186-A956-4997-A50C-3E3B9989EA1D}.Release|Any CPU.ActiveCfg = Release|Any CPU
		{A1098186-A956-4997-A50C-3E3B9989EA1D}.Release|Any CPU.Build.0 = Release|Any CPU
	EndGlobalSection
	GlobalSection(SolutionProperties) = preSolution
		HideSolutionNode = FALSE
	EndGlobalSection
EndGlobal
